
Microsoft Visual Studio Solution File, Format Version 12.00
# Visual Studio Version 17
VisualStudioVersion = 17.13.35828.75 d17.13
MinimumVisualStudioVersion = 10.0.40219.1
Project("{FAE04EC0-301F-11D3-BF4B-00C04F79EFBC}") = "Book Task", "Book Task\Book Task.csproj", "{11C1ACC5-FD43-4BF0-87C4-ACD270DB473D}"
EndProject
Global
	GlobalSection(SolutionConfigurationPlatforms) = preSolution
		Debug|Any CPU = Debug|Any CPU
		Release|Any CPU = Release|Any CPU
	EndGlobalSection
	GlobalSection(ProjectConfigurationPlatforms) = postSolution
		{11C1ACC5-FD43-4BF0-87C4-ACD270DB473D}.Debug|Any CPU.ActiveCfg = Debug|Any CPU
		{11C1ACC5-FD43-4BF0-87C4-ACD270DB473D}.Debug|Any CPU.Build.0 = Debug|Any CPU
		{11C1ACC5-FD43-4BF0-87C4-ACD270DB473D}.Release|Any CPU.ActiveCfg = Release|Any CPU
		{11C1ACC5-FD43-4BF0-87C4-ACD270DB473D}.Release|Any CPU.Build.0 = Release|Any CPU
	EndGlobalSection
	GlobalSection(SolutionProperties) = preSolution
		HideSolutionNode = FALSE
	EndGlobalSection
	GlobalSection(ExtensibilityGlobals) = postSolution
		SolutionGuid = {48D64525-A9B5-4AFF-8184-EC39B3CF15DE}
	EndGlobalSection
EndGlobal
